
Microsoft Visual Studio Solution File, Format Version 12.00
# Visual Studio 15
VisualStudioVersion = 15.0.27428.2037
MinimumVisualStudioVersion = 10.0.40219.1
Project("{9A19103F-16F7-4668-BE54-9A1E7A4F7556}") = "SimpleParser", "SimpleParser\SimpleParser.csproj", "{2DE182BE-45FB-4E95-8C15-9FCD10871E33}"
EndProject
Project("{2150E333-8FDC-42A3-9474-1A3956D46DE8}") = "SimpleParserIntTest", "SimpleParserIntTest", "{8B6AD6DB-BC67-48BB-BA10-845DF1623EB9}"
EndProject
Project("{9A19103F-16F7-4668-BE54-9A1E7A4F7556}") = "SimpleParserTests", "ConsoleApp1\SimpleParserTests.csproj", "{7045F176-F5A7-4218-9837-6B6842148491}"
EndProject
Project("{2150E333-8FDC-42A3-9474-1A3956D46DE8}") = "LogAnalyzer", "LogAnalyzer", "{572A5232-D423-4A00-9090-E8F0185C74CB}"
EndProject
Project("{9A19103F-16F7-4668-BE54-9A1E7A4F7556}") = "LogAnalyzerLib", "ClassLibrary1\LogAnalyzerLib.csproj", "{41A4AC13-FC5E-487F-BDB2-AD1135D6B2BD}"
EndProject
Project("{9A19103F-16F7-4668-BE54-9A1E7A4F7556}") = "LogAnalyzer.UnitTests", "LogAnalyzer.UniteTests\LogAnalyzer.UnitTests.csproj", "{CE696D26-4899-443C-B846-FD045AC5399E}"
EndProject
Project("{2150E333-8FDC-42A3-9474-1A3956D46DE8}") = "MemCalculator", "MemCalculator", "{002D4887-A205-448C-9267-89B4C1AC5535}"
EndProject
Project("{FAE04EC0-301F-11D3-BF4B-00C04F79EFBC}") = "MemCalculatorLib", "ClassLibrary3\MemCalculatorLib.csproj", "{649E2B89-D349-4AA8-938D-C8597FE31BE7}"
EndProject
Project("{FAE04EC0-301F-11D3-BF4B-00C04F79EFBC}") = "MemCalculator.UnitTests", "XUnitTestProject1\MemCalculator.UnitTests.csproj", "{7D0BFD50-BE31-47F5-B3A6-CD7E68B9B08D}"
EndProject
Project("{2150E333-8FDC-42A3-9474-1A3956D46DE8}") = "Basics", "Basics", "{778521EC-8181-43EA-9A3A-EF1B708D4F8D}"
EndProject
Global
	GlobalSection(SolutionConfigurationPlatforms) = preSolution
		Debug|Any CPU = Debug|Any CPU
		Release|Any CPU = Release|Any CPU
	EndGlobalSection
	GlobalSection(ProjectConfigurationPlatforms) = postSolution
		{2DE182BE-45FB-4E95-8C15-9FCD10871E33}.Debug|Any CPU.ActiveCfg = Debug|Any CPU
		{2DE182BE-45FB-4E95-8C15-9FCD10871E33}.Debug|Any CPU.Build.0 = Debug|Any CPU
		{2DE182BE-45FB-4E95-8C15-9FCD10871E33}.Release|Any CPU.ActiveCfg = Release|Any CPU
		{2DE182BE-45FB-4E95-8C15-9FCD10871E33}.Release|Any CPU.Build.0 = Release|Any CPU
		{7045F176-F5A7-4218-9837-6B6842148491}.Debug|Any CPU.ActiveCfg = Debug|Any CPU
		{7045F176-F5A7-4218-9837-6B6842148491}.Debug|Any CPU.Build.0 = Debug|Any CPU
		{7045F176-F5A7-4218-9837-6B6842148491}.Release|Any CPU.ActiveCfg = Release|Any CPU
		{7045F176-F5A7-4218-9837-6B6842148491}.Release|Any CPU.Build.0 = Release|Any CPU
		{41A4AC13-FC5E-487F-BDB2-AD1135D6B2BD}.Debug|Any CPU.ActiveCfg = Debug|Any CPU
		{41A4AC13-FC5E-487F-BDB2-AD1135D6B2BD}.Debug|Any CPU.Build.0 = Debug|Any CPU
		{41A4AC13-FC5E-487F-BDB2-AD1135D6B2BD}.Release|Any CPU.ActiveCfg = Release|Any CPU
		{41A4AC13-FC5E-487F-BDB2-AD1135D6B2BD}.Release|Any CPU.Build.0 = Release|Any CPU
		{CE696D26-4899-443C-B846-FD045AC5399E}.Debug|Any CPU.ActiveCfg = Debug|Any CPU
		{CE696D26-4899-443C-B846-FD045AC5399E}.Debug|Any CPU.Build.0 = Debug|Any CPU
		{CE696D26-4899-443C-B846-FD045AC5399E}.Release|Any CPU.ActiveCfg = Release|Any CPU
		{CE696D26-4899-443C-B846-FD045AC5399E}.Release|Any CPU.Build.0 = Release|Any CPU
		{649E2B89-D349-4AA8-938D-C8597FE31BE7}.Debug|Any CPU.ActiveCfg = Debug|Any CPU
		{649E2B89-D349-4AA8-938D-C8597FE31BE7}.Debug|Any CPU.Build.0 = Debug|Any CPU
		{649E2B89-D349-4AA8-938D-C8597FE31BE7}.Release|Any CPU.ActiveCfg = Release|Any CPU
		{649E2B89-D349-4AA8-938D-C8597FE31BE7}.Release|Any CPU.Build.0 = Release|Any CPU
		{7D0BFD50-BE31-47F5-B3A6-CD7E68B9B08D}.Debug|Any CPU.ActiveCfg = Debug|Any CPU
		{7D0BFD50-BE31-47F5-B3A6-CD7E68B9B08D}.Debug|Any CPU.Build.0 = Debug|Any CPU
		{7D0BFD50-BE31-47F5-B3A6-CD7E68B9B08D}.Release|Any CPU.ActiveCfg = Release|Any CPU
		{7D0BFD50-BE31-47F5-B3A6-CD7E68B9B08D}.Release|Any CPU.Build.0 = Release|Any CPU
	EndGlobalSection
	GlobalSection(SolutionProperties) = preSolution
		HideSolutionNode = FALSE
	EndGlobalSection
	GlobalSection(NestedProjects) = preSolution
		{2DE182BE-45FB-4E95-8C15-9FCD10871E33} = {8B6AD6DB-BC67-48BB-BA10-845DF1623EB9}
		{8B6AD6DB-BC67-48BB-BA10-845DF1623EB9} = {778521EC-8181-43EA-9A3A-EF1B708D4F8D}
		{7045F176-F5A7-4218-9837-6B6842148491} = {8B6AD6DB-BC67-48BB-BA10-845DF1623EB9}
		{572A5232-D423-4A00-9090-E8F0185C74CB} = {778521EC-8181-43EA-9A3A-EF1B708D4F8D}
		{002D4887-A205-448C-9267-89B4C1AC5535} = {778521EC-8181-43EA-9A3A-EF1B708D4F8D}
		{649E2B89-D349-4AA8-938D-C8597FE31BE7} = {002D4887-A205-448C-9267-89B4C1AC5535}
		{7D0BFD50-BE31-47F5-B3A6-CD7E68B9B08D} = {002D4887-A205-448C-9267-89B4C1AC5535}
	EndGlobalSection
	GlobalSection(ExtensibilityGlobals) = postSolution
		SolutionGuid = {B88C1AFD-5603-4FCC-BF6D-01D8152D5C88}
	EndGlobalSection
EndGlobal
